// !$*UTF8*$!
{
	archiveVersion = 1;
	classes = {
	};
	objectVersion = 77;
	objects = {

/* Begin PBXContainerItemProxy section */
		EB20C9162E03B3A7005DD652 /* PBXContainerItemProxy */ = {
			isa = PBXContainerItemProxy;
			containerPortal = EB20C8F92E03B3A5005DD652 /* Project object */;
			proxyType = 1;
			remoteGlobalIDString = EB20C9002E03B3A5005DD652;
			remoteInfo = PacBag;
		};
		EB20C9202E03B3A7005DD652 /* PBXContainerItemProxy */ = {
			isa = PBXContainerItemProxy;
			containerPortal = EB20C8F92E03B3A5005DD652 /* Project object */;
			proxyType = 1;
			remoteGlobalIDString = EB20C9002E03B3A5005DD652;
			remoteInfo = PacBag;
		};
/* End PBXContainerItemProxy section */

/* Begin PBXFileReference section */
		EB20C9012E03B3A5005DD652 /* PacBag.app */ = {isa = PBXFileReference; explicitFileType = wrapper.application; includeInIndex = 0; path = PacBag.app; sourceTree = BUILT_PRODUCTS_DIR; };
		EB20C9152E03B3A7005DD652 /* PacBagTests.xctest */ = {isa = PBXFileReference; explicitFileType = wrapper.cfbundle; includeInIndex = 0; path = PacBagTests.xctest; sourceTree = BUILT_PRODUCTS_DIR; };
		EB20C91F2E03B3A7005DD652 /* PacBagUITests.xctest */ = {isa = PBXFileReference; explicitFileType = wrapper.cfbundle; includeInIndex = 0; path = PacBagUITests.xctest; sourceTree = BUILT_PRODUCTS_DIR; };
/* End PBXFileReference section */

/* Begin PBXFileSystemSynchronizedBuildFileExceptionSet section */
		EB20C9272E03B3A7005DD652 /* Exceptions for "PacBag" folder in "PacBag" target */ = {
			isa = PBXFileSystemSynchronizedBuildFileExceptionSet;
			membershipExceptions = (
				Info.plist,
			);
			target = EB20C9002E03B3A5005DD652 /* PacBag */;
		};
/* End PBXFileSystemSynchronizedBuildFileExceptionSet section */

/* Begin PBXFileSystemSynchronizedRootGroup section */
		EB20C9032E03B3A5005DD652 /* PacBag */ = {
			isa = PBXFileSystemSynchronizedRootGroup;
			exceptions = (
				EB20C9272E03B3A7005DD652 /* Exceptions for "PacBag" folder in "PacBag" target */,
			);
			path = PacBag;
			sourceTree = "<group>";
		};
		EB20C9182E03B3A7005DD652 /* PacBagTests */ = {
			isa = PBXFileSystemSynchronizedRootGroup;
			path = PacBagTests;
			sourceTree = "<group>";
		};
		EB20C9222E03B3A7005DD652 /* PacBagUITests */ = {
			isa = PBXFileSystemSynchronizedRootGroup;
			path = PacBagUITests;
			sourceTree = "<group>";
		};
/* End PBXFileSystemSynchronizedRootGroup section */

/* Begin PBXFrameworksBuildPhase section */
		EB20C8FE2E03B3A5005DD652 /* Frameworks */ = {
			isa = PBXFrameworksBuildPhase;
			buildActionMask = 2147483647;
			files = (
			);
			runOnlyForDeploymentPostprocessing = 0;
		};
		EB20C9122E03B3A7005DD652 /* Frameworks */ = {
			isa = PBXFrameworksBuildPhase;
			buildActionMask = 2147483647;
			files = (
			);
			runOnlyForDeploymentPostprocessing = 0;
		};
		EB20C91C2E03B3A7005DD652 /* Frameworks */ = {
			isa = PBXFrameworksBuildPhase;
			buildActionMask = 2147483647;
			files = (
			);
			runOnlyForDeploymentPostprocessing = 0;
		};
/* End PBXFrameworksBuildPhase section */

/* Begin PBXGroup section */
		EB20C8F82E03B3A5005DD652 = {
			isa = PBXGroup;
			children = (
				EB20C9032E03B3A5005DD652 /* PacBag */,
				EB20C9182E03B3A7005DD652 /* PacBagTests */,
				EB20C9222E03B3A7005DD652 /* PacBagUITests */,
				EB20C9022E03B3A5005DD652 /* Products */,
			);
			sourceTree = "<group>";
		};
		EB20C9022E03B3A5005DD652 /* Products */ = {
			isa = PBXGroup;
			children = (
				EB20C9012E03B3A5005DD652 /* PacBag.app */,
				EB20C9152E03B3A7005DD652 /* PacBagTests.xctest */,
				EB20C91F2E03B3A7005DD652 /* PacBagUITests.xctest */,
			);
			name = Products;
			sourceTree = "<group>";
		};
/* End PBXGroup section */

/* Begin PBXNativeTarget section */
		EB20C9002E03B3A5005DD652 /* PacBag */ = {
			isa = PBXNativeTarget;
			buildConfigurationList = EB20C9282E03B3A7005DD652 /* Build configuration list for PBXNativeTarget "PacBag" */;
			buildPhases = (
				EB20C8FD2E03B3A5005DD652 /* Sources */,
				EB20C8FE2E03B3A5005DD652 /* Frameworks */,
				EB20C8FF2E03B3A5005DD652 /* Resources */,
			);
			buildRules = (
			);
			dependencies = (
			);
			fileSystemSynchronizedGroups = (
				EB20C9032E03B3A5005DD652 /* PacBag */,
			);
			name = PacBag;
			packageProductDependencies = (
			);
			productName = PacBag;
			productReference = EB20C9012E03B3A5005DD652 /* PacBag.app */;
			productType = "com.apple.product-type.application";
		};
		EB20C9142E03B3A7005DD652 /* PacBagTests */ = {
			isa = PBXNativeTarget;
			buildConfigurationList = EB20C92D2E03B3A7005DD652 /* Build configuration list for PBXNativeTarget "PacBagTests" */;
			buildPhases = (
				EB20C9112E03B3A7005DD652 /* Sources */,
				EB20C9122E03B3A7005DD652 /* Frameworks */,
				EB20C9132E03B3A7005DD652 /* Resources */,
			);
			buildRules = (
			);
			dependencies = (
				EB20C9172E03B3A7005DD652 /* PBXTargetDependency */,
			);
			fileSystemSynchronizedGroups = (
				EB20C9182E03B3A7005DD652 /* PacBagTests */,
			);
			name = PacBagTests;
			packageProductDependencies = (
			);
			productName = PacBagTests;
			productReference = EB20C9152E03B3A7005DD652 /* PacBagTests.xctest */;
			productType = "com.apple.product-type.bundle.unit-test";
		};
		EB20C91E2E03B3A7005DD652 /* PacBagUITests */ = {
			isa = PBXNativeTarget;
			buildConfigurationList = EB20C9302E03B3A7005DD652 /* Build configuration list for PBXNativeTarget "PacBagUITests" */;
			buildPhases = (
				EB20C91B2E03B3A7005DD652 /* Sources */,
				EB20C91C2E03B3A7005DD652 /* Frameworks */,
				EB20C91D2E03B3A7005DD652 /* Resources */,
			);
			buildRules = (
			);
			dependencies = (
				EB20C9212E03B3A7005DD652 /* PBXTargetDependency */,
			);
			fileSystemSynchronizedGroups = (
				EB20C9222E03B3A7005DD652 /* PacBagUITests */,
			);
			name = PacBagUITests;
			packageProductDependencies = (
			);
			productName = PacBagUITests;
			productReference = EB20C91F2E03B3A7005DD652 /* PacBagUITests.xctest */;
			productType = "com.apple.product-type.bundle.ui-testing";
		};
/* End PBXNativeTarget section */

/* Begin PBXProject section */
		EB20C8F92E03B3A5005DD652 /* Project object */ = {
			isa = PBXProject;
			attributes = {
				BuildIndependentTargetsInParallel = 1;
				LastSwiftUpdateCheck = 1640;
				LastUpgradeCheck = 1640;
				TargetAttributes = {
					EB20C9002E03B3A5005DD652 = {
						CreatedOnToolsVersion = 16.4;
					};
					EB20C9142E03B3A7005DD652 = {
						CreatedOnToolsVersion = 16.4;
						TestTargetID = EB20C9002E03B3A5005DD652;
					};
					EB20C91E2E03B3A7005DD652 = {
						CreatedOnToolsVersion = 16.4;
						TestTargetID = EB20C9002E03B3A5005DD652;
					};
				};
			};
			buildConfigurationList = EB20C8FC2E03B3A5005DD652 /* Build configuration list for PBXProject "PacBag" */;
			developmentRegion = en;
			hasScannedForEncodings = 0;
			knownRegions = (
				en,
				Base,
			);
			mainGroup = EB20C8F82E03B3A5005DD652;
			minimizedProjectReferenceProxies = 1;
			preferredProjectObjectVersion = 77;
			productRefGroup = EB20C9022E03B3A5005DD652 /* Products */;
			projectDirPath = "";
			projectRoot = "";
			targets = (
				EB20C9002E03B3A5005DD652 /* PacBag */,
				EB20C9142E03B3A7005DD652 /* PacBagTests */,
				EB20C91E2E03B3A7005DD652 /* PacBagUITests */,
			);
		};
/* End PBXProject section */

/* Begin PBXResourcesBuildPhase section */
		EB20C8FF2E03B3A5005DD652 /* Resources */ = {
			isa = PBXResourcesBuildPhase;
			buildActionMask = 2147483647;
			files = (
			);
			runOnlyForDeploymentPostprocessing = 0;
		};
		EB20C9132E03B3A7005DD652 /* Resources */ = {
			isa = PBXResourcesBuildPhase;
			buildActionMask = 2147483647;
			files = (
			);
			runOnlyForDeploymentPostprocessing = 0;
		};
		EB20C91D2E03B3A7005DD652 /* Resources */ = {
			isa = PBXResourcesBuildPhase;
			buildActionMask = 2147483647;
			files = (
			);
			runOnlyForDeploymentPostprocessing = 0;
		};
/* End PBXResourcesBuildPhase section */

/* Begin PBXSourcesBuildPhase section */
		EB20C8FD2E03B3A5005DD652 /* Sources */ = {
			isa = PBXSourcesBuildPhase;
			buildActionMask = 2147483647;
			files = (
			);
			runOnlyForDeploymentPostprocessing = 0;
		};
		EB20C9112E03B3A7005DD652 /* Sources */ = {
			isa = PBXSourcesBuildPhase;
			buildActionMask = 2147483647;
			files = (
			);
			runOnlyForDeploymentPostprocessing = 0;
		};
		EB20C91B2E03B3A7005DD652 /* Sources */ = {
			isa = PBXSourcesBuildPhase;
			buildActionMask = 2147483647;
			files = (
			);
			runOnlyForDeploymentPostprocessing = 0;
		};
/* End PBXSourcesBuildPhase section */

/* Begin PBXTargetDependency section */
		EB20C9172E03B3A7005DD652 /* PBXTargetDependency */ = {
			isa = PBXTargetDependency;
			target = EB20C9002E03B3A5005DD652 /* PacBag */;
			targetProxy = EB20C9162E03B3A7005DD652 /* PBXContainerItemProxy */;
		};
		EB20C9212E03B3A7005DD652 /* PBXTargetDependency */ = {
			isa = PBXTargetDependency;
			target = EB20C9002E03B3A5005DD652 /* PacBag */;
			targetProxy = EB20C9202E03B3A7005DD652 /* PBXContainerItemProxy */;
		};
/* End PBXTargetDependency section */

/* Begin XCBuildConfiguration section */
		EB20C9292E03B3A7005DD652 /* Debug */ = {
			isa = XCBuildConfiguration;
			buildSettings = {
				ASSETCATALOG_COMPILER_APPICON_NAME = AppIcon;
				ASSETCATALOG_COMPILER_GLOBAL_ACCENT_COLOR_NAME = AccentColor;
				ASSETCATALOG_COMPILER_INCLUDE_ALL_APPICON_ASSETS = YES;
				CODE_SIGN_ENTITLEMENTS = PacBag/PacBag.entitlements;
				CODE_SIGN_STYLE = Automatic;
				CURRENT_PROJECT_VERSION = 2;
				DEVELOPMENT_TEAM = F35MJXTR84;
				ENABLE_PREVIEWS = YES;
				GENERATE_INFOPLIST_FILE = YES;
				INFOPLIST_FILE = PacBag/Info.plist;
				INFOPLIST_KEY_CFBundleDisplayName = PacBag;
				INFOPLIST_KEY_LSApplicationCategoryType = "public.app-category.travel";
				INFOPLIST_KEY_UIApplicationSceneManifest_Generation = YES;
				INFOPLIST_KEY_UIApplicationSupportsIndirectInputEvents = YES;
				INFOPLIST_KEY_UILaunchScreen_Generation = YES;
				INFOPLIST_KEY_UILaunchStoryboardName = "";
				INFOPLIST_KEY_UISupportedInterfaceOrientations_iPad = "UIInterfaceOrientationPortrait UIInterfaceOrientationPortraitUpsideDown UIInterfaceOrientationLandscapeLeft UIInterfaceOrientationLandscapeRight";
				INFOPLIST_KEY_UISupportedInterfaceOrientations_iPhone = "UIInterfaceOrientationPortrait UIInterfaceOrientationLandscapeLeft UIInterfaceOrientationLandscapeRight";
				LD_RUNPATH_SEARCH_PATHS = (
					"$(inherited)",
					"@executable_path/Frameworks",
				);
				MARKETING_VERSION = 1.0.1;
				PRODUCT_BUNDLE_IDENTIFIER = enriccogemha.PacBagApp;
				PRODUCT_NAME = "$(TARGET_NAME)";
				SWIFT_EMIT_LOC_STRINGS = YES;
				SWIFT_VERSION = 5.0;
				TARGETED_DEVICE_FAMILY = "1,2";
			};
			name = Debug;
		};
		EB20C92A2E03B3A7005DD652 /* Release */ = {
			isa = XCBuildConfiguration;
			buildSettings = {
				ASSETCATALOG_COMPILER_APPICON_NAME = AppIcon;
				ASSETCATALOG_COMPILER_GLOBAL_ACCENT_COLOR_NAME = AccentColor;
				ASSETCATALOG_COMPILER_INCLUDE_ALL_APPICON_ASSETS = YES;
				CODE_SIGN_ENTITLEMENTS = PacBag/PacBag.entitlements;
				CODE_SIGN_STYLE = Automatic;
				CURRENT_PROJECT_VERSION = 2;
				DEVELOPMENT_TEAM = F35MJXTR84;
				ENABLE_PREVIEWS = YES;
				GENERATE_INFOPLIST_FILE = YES;
				INFOPLIST_FILE = PacBag/Info.plist;
				INFOPLIST_KEY_CFBundleDisplayName = PacBag;
				INFOPLIST_KEY_LSApplicationCategoryType = "public.app-category.travel";
				INFOPLIST_KEY_UIApplicationSceneManifest_Generation = YES;
				INFOPLIST_KEY_UIApplicationSupportsIndirectInputEvents = YES;
				INFOPLIST_KEY_UILaunchScreen_Generation = YES;
				INFOPLIST_KEY_UILaunchStoryboardName = "";
				INFOPLIST_KEY_UISupportedInterfaceOrientations_iPad = "UIInterfaceOrientationPortrait UIInterfaceOrientationPortraitUpsideDown UIInterfaceOrientationLandscapeLeft UIInterfaceOrientationLandscapeRight";
				INFOPLIST_KEY_UISupportedInterfaceOrientations_iPhone = "UIInterfaceOrientationPortrait UIInterfaceOrientationLandscapeLeft UIInterfaceOrientationLandscapeRight";
				LD_RUNPATH_SEARCH_PATHS = (
					"$(inherited)",
					"@executable_path/Frameworks",
				);
				MARKETING_VERSION = 1.0.1;
				PRODUCT_BUNDLE_IDENTIFIER = enriccogemha.PacBagApp;
				PRODUCT_NAME = "$(TARGET_NAME)";
				SWIFT_EMIT_LOC_STRINGS = YES;
				SWIFT_VERSION = 5.0;
				TARGETED_DEVICE_FAMILY = "1,2";
			};
			name = Release;
		};
		EB20C92B2E03B3A7005DD652 /* Debug */ = {
			isa = XCBuildConfiguration;
			buildSettings = {
				ALWAYS_SEARCH_USER_PATHS = NO;
				ASSETCATALOG_COMPILER_GENERATE_SWIFT_ASSET_SYMBOL_EXTENSIONS = YES;
				CLANG_ANALYZER_NONNULL = YES;
				CLANG_ANALYZER_NUMBER_OBJECT_CONVERSION = YES_AGGRESSIVE;
				CLANG_CXX_LANGUAGE_STANDARD = "gnu++20";
				CLANG_ENABLE_MODULES = YES;
				CLANG_ENABLE_OBJC_ARC = YES;
				CLANG_ENABLE_OBJC_WEAK = YES;
				CLANG_WARN_BLOCK_CAPTURE_AUTORELEASING = YES;
				CLANG_WARN_BOOL_CONVERSION = YES;
				CLANG_WARN_COMMA = YES;
				CLANG_WARN_CONSTANT_CONVERSION = YES;
				CLANG_WARN_DEPRECATED_OBJC_IMPLEMENTATIONS = YES;
				CLANG_WARN_DIRECT_OBJC_ISA_USAGE = YES_ERROR;
				CLANG_WARN_DOCUMENTATION_COMMENTS = YES;
				CLANG_WARN_EMPTY_BODY = YES;
				CLANG_WARN_ENUM_CONVERSION = YES;
				CLANG_WARN_INFINITE_RECURSION = YES;
				CLANG_WARN_INT_CONVERSION = YES;
				CLANG_WARN_NON_LITERAL_NULL_CONVERSION = YES;
				CLANG_WARN_OBJC_IMPLICIT_RETAIN_SELF = YES;
				CLANG_WARN_OBJC_LITERAL_CONVERSION = YES;
				CLANG_WARN_OBJC_ROOT_CLASS = YES_ERROR;
				CLANG_WARN_QUOTED_INCLUDE_IN_FRAMEWORK_HEADER = YES;
				CLANG_WARN_RANGE_LOOP_ANALYSIS = YES;
				CLANG_WARN_STRICT_PROTOTYPES = YES;
				CLANG_WARN_SUSPICIOUS_MOVE = YES;
				CLANG_WARN_UNGUARDED_AVAILABILITY = YES_AGGRESSIVE;
				CLANG_WARN_UNREACHABLE_CODE = YES;
				CLANG_WARN__DUPLICATE_METHOD_MATCH = YES;
				COPY_PHASE_STRIP = NO;
				DEBUG_INFORMATION_FORMAT = dwarf;
				DEVELOPMENT_TEAM = F35MJXTR84;
				ENABLE_STRICT_OBJC_MSGSEND = YES;
				ENABLE_TESTABILITY = YES;
				ENABLE_USER_SCRIPT_SANDBOXING = YES;
				GCC_C_LANGUAGE_STANDARD = gnu17;
				GCC_DYNAMIC_NO_PIC = NO;
				GCC_NO_COMMON_BLOCKS = YES;
				GCC_OPTIMIZATION_LEVEL = 0;
				GCC_PREPROCESSOR_DEFINITIONS = (
					"DEBUG=1",
					"$(inherited)",
				);
				GCC_WARN_64_TO_32_BIT_CONVERSION = YES;
				GCC_WARN_ABOUT_RETURN_TYPE = YES_ERROR;
				GCC_WARN_UNDECLARED_SELECTOR = YES;
				GCC_WARN_UNINITIALIZED_AUTOS = YES_AGGRESSIVE;
				GCC_WARN_UNUSED_FUNCTION = YES;
				GCC_WARN_UNUSED_VARIABLE = YES;
				IPHONEOS_DEPLOYMENT_TARGET = 18.5;
				LOCALIZATION_PREFERS_STRING_CATALOGS = YES;
				MTL_ENABLE_DEBUG_INFO = INCLUDE_SOURCE;
				MTL_FAST_MATH = YES;
				ONLY_ACTIVE_ARCH = YES;
				SDKROOT = iphoneos;
				SWIFT_ACTIVE_COMPILATION_CONDITIONS = "DEBUG $(inherited)";
				SWIFT_OPTIMIZATION_LEVEL = "-Onone";
			};
			name = Debug;
		};
		EB20C92C2E03B3A7005DD652 /* Release */ = {
			isa = XCBuildConfiguration;
			buildSettings = {
				ALWAYS_SEARCH_USER_PATHS = NO;
				ASSETCATALOG_COMPILER_GENERATE_SWIFT_ASSET_SYMBOL_EXTENSIONS = YES;
				CLANG_ANALYZER_NONNULL = YES;
				CLANG_ANALYZER_NUMBER_OBJECT_CONVERSION = YES_AGGRESSIVE;
				CLANG_CXX_LANGUAGE_STANDARD = "gnu++20";
				CLANG_ENABLE_MODULES = YES;
				CLANG_ENABLE_OBJC_ARC = YES;
				CLANG_ENABLE_OBJC_WEAK = YES;
				CLANG_WARN_BLOCK_CAPTURE_AUTORELEASING = YES;
				CLANG_WARN_BOOL_CONVERSION = YES;
				CLANG_WARN_COMMA = YES;
				CLANG_WARN_CONSTANT_CONVERSION = YES;
				CLANG_WARN_DEPRECATED_OBJC_IMPLEMENTATIONS = YES;
				CLANG_WARN_DIRECT_OBJC_ISA_USAGE = YES_ERROR;
				CLANG_WARN_DOCUMENTATION_COMMENTS = YES;
				CLANG_WARN_EMPTY_BODY = YES;
				CLANG_WARN_ENUM_CONVERSION = YES;
				CLANG_WARN_INFINITE_RECURSION = YES;
				CLANG_WARN_INT_CONVERSION = YES;
				CLANG_WARN_NON_LITERAL_NULL_CONVERSION = YES;
				CLANG_WARN_OBJC_IMPLICIT_RETAIN_SELF = YES;
				CLANG_WARN_OBJC_LITERAL_CONVERSION = YES;
				CLANG_WARN_OBJC_ROOT_CLASS = YES_ERROR;
				CLANG_WARN_QUOTED_INCLUDE_IN_FRAMEWORK_HEADER = YES;
				CLANG_WARN_RANGE_LOOP_ANALYSIS = YES;
				CLANG_WARN_STRICT_PROTOTYPES = YES;
				CLANG_WARN_SUSPICIOUS_MOVE = YES;
				CLANG_WARN_UNGUARDED_AVAILABILITY = YES_AGGRESSIVE;
				CLANG_WARN_UNREACHABLE_CODE = YES;
				CLANG_WARN__DUPLICATE_METHOD_MATCH = YES;
				COPY_PHASE_STRIP = NO;
				DEBUG_INFORMATION_FORMAT = "dwarf-with-dsym";
				DEVELOPMENT_TEAM = F35MJXTR84;
				ENABLE_NS_ASSERTIONS = NO;
				ENABLE_STRICT_OBJC_MSGSEND = YES;
				ENABLE_USER_SCRIPT_SANDBOXING = YES;
				GCC_C_LANGUAGE_STANDARD = gnu17;
				GCC_NO_COMMON_BLOCKS = YES;
				GCC_WARN_64_TO_32_BIT_CONVERSION = YES;
				GCC_WARN_ABOUT_RETURN_TYPE = YES_ERROR;
				GCC_WARN_UNDECLARED_SELECTOR = YES;
				GCC_WARN_UNINITIALIZED_AUTOS = YES_AGGRESSIVE;
				GCC_WARN_UNUSED_FUNCTION = YES;
				GCC_WARN_UNUSED_VARIABLE = YES;
				IPHONEOS_DEPLOYMENT_TARGET = 18.5;
				LOCALIZATION_PREFERS_STRING_CATALOGS = YES;
				MTL_ENABLE_DEBUG_INFO = NO;
				MTL_FAST_MATH = YES;
				SDKROOT = iphoneos;
				SWIFT_COMPILATION_MODE = wholemodule;
				VALIDATE_PRODUCT = YES;
			};
			name = Release;
		};
		EB20C92E2E03B3A7005DD652 /* Debug */ = {
			isa = XCBuildConfiguration;
			buildSettings = {
				BUNDLE_LOADER = "$(TEST_HOST)";
				CODE_SIGN_STYLE = Automatic;
				CURRENT_PROJECT_VERSION = 2;
				DEVELOPMENT_TEAM = F35MJXTR84;
				GENERATE_INFOPLIST_FILE = YES;
				IPHONEOS_DEPLOYMENT_TARGET = 18.5;
				MARKETING_VERSION = 1.0.1;
				PRODUCT_BUNDLE_IDENTIFIER = enriccogemha.PacBagTests;
				PRODUCT_NAME = "$(TARGET_NAME)";
				SWIFT_EMIT_LOC_STRINGS = NO;
				SWIFT_VERSION = 5.0;
				TARGETED_DEVICE_FAMILY = "1,2";
				TEST_HOST = "$(BUILT_PRODUCTS_DIR)/PacBag.app/$(BUNDLE_EXECUTABLE_FOLDER_PATH)/PacBag";
			};
			name = Debug;
		};
		EB20C92F2E03B3A7005DD652 /* Release */ = {
			isa = XCBuildConfiguration;
			buildSettings = {
				BUNDLE_LOADER = "$(TEST_HOST)";
				CODE_SIGN_STYLE = Automatic;
				CURRENT_PROJECT_VERSION = 2;
				DEVELOPMENT_TEAM = F35MJXTR84;
				GENERATE_INFOPLIST_FILE = YES;
				IPHONEOS_DEPLOYMENT_TARGET = 18.5;
				MARKETING_VERSION = 1.0.1;
				PRODUCT_BUNDLE_IDENTIFIER = enriccogemha.PacBagTests;
				PRODUCT_NAME = "$(TARGET_NAME)";
				SWIFT_EMIT_LOC_STRINGS = NO;
				SWIFT_VERSION = 5.0;
				TARGETED_DEVICE_FAMILY = "1,2";
				TEST_HOST = "$(BUILT_PRODUCTS_DIR)/PacBag.app/$(BUNDLE_EXECUTABLE_FOLDER_PATH)/PacBag";
			};
			name = Release;
		};
		EB20C9312E03B3A7005DD652 /* Debug */ = {
			isa = XCBuildConfiguration;
			buildSettings = {
				CODE_SIGN_STYLE = Automatic;
				CURRENT_PROJECT_VERSION = 2;
				DEVELOPMENT_TEAM = F35MJXTR84;
				GENERATE_INFOPLIST_FILE = YES;
				MARKETING_VERSION = 1.0.1;
				PRODUCT_BUNDLE_IDENTIFIER = enriccogemha.PacBagUITests;
				PRODUCT_NAME = "$(TARGET_NAME)";
				SWIFT_EMIT_LOC_STRINGS = NO;
				SWIFT_VERSION = 5.0;
				TARGETED_DEVICE_FAMILY = "1,2";
				TEST_TARGET_NAME = PacBag;
			};
			name = Debug;
		};
		EB20C9322E03B3A7005DD652 /* Release */ = {
			isa = XCBuildConfiguration;
			buildSettings = {
				CODE_SIGN_STYLE = Automatic;
				CURRENT_PROJECT_VERSION = 2;
				DEVELOPMENT_TEAM = F35MJXTR84;
				GENERATE_INFOPLIST_FILE = YES;
				MARKETING_VERSION = 1.0.1;
				PRODUCT_BUNDLE_IDENTIFIER = enriccogemha.PacBagUITests;
				PRODUCT_NAME = "$(TARGET_NAME)";
				SWIFT_EMIT_LOC_STRINGS = NO;
				SWIFT_VERSION = 5.0;
				TARGETED_DEVICE_FAMILY = "1,2";
				TEST_TARGET_NAME = PacBag;
			};
			name = Release;
		};
/* End XCBuildConfiguration section */

/* Begin XCConfigurationList section */
		EB20C8FC2E03B3A5005DD652 /* Build configuration list for PBXProject "PacBag" */ = {
			isa = XCConfigurationList;
			buildConfigurations = (
				EB20C92B2E03B3A7005DD652 /* Debug */,
				EB20C92C2E03B3A7005DD652 /* Release */,
			);
			defaultConfigurationIsVisible = 0;
			defaultConfigurationName = Release;
		};
		EB20C9282E03B3A7005DD652 /* Build configuration list for PBXNativeTarget "PacBag" */ = {
			isa = XCConfigurationList;
			buildConfigurations = (
				EB20C9292E03B3A7005DD652 /* Debug */,
				EB20C92A2E03B3A7005DD652 /* Release */,
			);
			defaultConfigurationIsVisible = 0;
			defaultConfigurationName = Release;
		};
		EB20C92D2E03B3A7005DD652 /* Build configuration list for PBXNativeTarget "PacBagTests" */ = {
			isa = XCConfigurationList;
			buildConfigurations = (
				EB20C92E2E03B3A7005DD652 /* Debug */,
				EB20C92F2E03B3A7005DD652 /* Release */,
			);
			defaultConfigurationIsVisible = 0;
			defaultConfigurationName = Release;
		};
		EB20C9302E03B3A7005DD652 /* Build configuration list for PBXNativeTarget "PacBagUITests" */ = {
			isa = XCConfigurationList;
			buildConfigurations = (
				EB20C9312E03B3A7005DD652 /* Debug */,
				EB20C9322E03B3A7005DD652 /* Release */,
			);
			defaultConfigurationIsVisible = 0;
			defaultConfigurationName = Release;
		};
/* End XCConfigurationList section */
	};
	rootObject = EB20C8F92E03B3A5005DD652 /* Project object */;
}
